
Microsoft Visual Studio Solution File, Format Version 12.00
# Visual Studio Version 17
VisualStudioVersion = 17.4.33213.308
MinimumVisualStudioVersion = 10.0.40219.1
Project("{FAE04EC0-301F-11D3-BF4B-00C04F79EFBC}") = "DecimalToHexadecimal", "DecimalToHexadecimal.csproj", "{83835A5F-038B-479F-A68F-6603A18AEF95}"
EndProject
Global
	GlobalSection(SolutionConfigurationPlatforms) = preSolution
		Debug|Any CPU = Debug|Any CPU
		Release|Any CPU = Release|Any CPU
	EndGlobalSection
	GlobalSection(ProjectConfigurationPlatforms) = postSolution
		{83835A5F-038B-479F-A68F-6603A18AEF95}.Debug|Any CPU.ActiveCfg = Debug|Any CPU
		{83835A5F-038B-479F-A68F-6603A18AEF95}.Debug|Any CPU.Build.0 = Debug|Any CPU
		{83835A5F-038B-479F-A68F-6603A18AEF95}.Release|Any CPU.ActiveCfg = Release|Any CPU
		{83835A5F-038B-479F-A68F-6603A18AEF95}.Release|Any CPU.Build.0 = Release|Any CPU
	EndGlobalSection
	GlobalSection(SolutionProperties) = preSolution
		HideSolutionNode = FALSE
	EndGlobalSection
	GlobalSection(ExtensibilityGlobals) = postSolution
		SolutionGuid = {893404F1-EFFA-4BC9-8353-F11D448B48B9}
	EndGlobalSection
EndGlobal
